
Microsoft Visual Studio Solution File, Format Version 12.00
# Visual Studio 15
VisualStudioVersion = 15.0.26430.6
MinimumVisualStudioVersion = 10.0.40219.1
Project("{FAE04EC0-301F-11D3-BF4B-00C04F79EFBC}") = "ArduinoTelegramBot.Core", "ArduinoTelegramBot.Core\ArduinoTelegramBot.Core.csproj", "{B08F8D05-E3CB-4D4B-B2F1-173EE33C301E}"
EndProject
Project("{FAE04EC0-301F-11D3-BF4B-00C04F79EFBC}") = "ArduinoTelegramBot.ConsoleApp", "ArduinoTelegramBot.ConsoleApp\ArduinoTelegramBot.ConsoleApp.csproj", "{ECA0D686-17DE-4771-A4E9-8073F6CC8EFB}"
EndProject
Global
	GlobalSection(SolutionConfigurationPlatforms) = preSolution
		Debug|Any CPU = Debug|Any CPU
		Release|Any CPU = Release|Any CPU
	EndGlobalSection
	GlobalSection(ProjectConfigurationPlatforms) = postSolution
		{B08F8D05-E3CB-4D4B-B2F1-173EE33C301E}.Debug|Any CPU.ActiveCfg = Debug|Any CPU
		{B08F8D05-E3CB-4D4B-B2F1-173EE33C301E}.Debug|Any CPU.Build.0 = Debug|Any CPU
		{B08F8D05-E3CB-4D4B-B2F1-173EE33C301E}.Release|Any CPU.ActiveCfg = Release|Any CPU
		{B08F8D05-E3CB-4D4B-B2F1-173EE33C301E}.Release|Any CPU.Build.0 = Release|Any CPU
		{ECA0D686-17DE-4771-A4E9-8073F6CC8EFB}.Debug|Any CPU.ActiveCfg = Debug|Any CPU
		{ECA0D686-17DE-4771-A4E9-8073F6CC8EFB}.Debug|Any CPU.Build.0 = Debug|Any CPU
		{ECA0D686-17DE-4771-A4E9-8073F6CC8EFB}.Release|Any CPU.ActiveCfg = Release|Any CPU
		{ECA0D686-17DE-4771-A4E9-8073F6CC8EFB}.Release|Any CPU.Build.0 = Release|Any CPU
	EndGlobalSection
	GlobalSection(SolutionProperties) = preSolution
		HideSolutionNode = FALSE
	EndGlobalSection
EndGlobal
